
Microsoft Visual Studio Solution File, Format Version 12.00
# Visual Studio Version 17
VisualStudioVersion = 17.3.32708.82
MinimumVisualStudioVersion = 10.0.40219.1
Project("{9A19103F-16F7-4668-BE54-9A1E7A4F7556}") = "Your.Melody.API", "Your.Melody.API\Your.Melody.API.csproj", "{F9E5AE8C-AAC2-48C8-9491-D57AC0D47CB2}"
EndProject
Project("{9A19103F-16F7-4668-BE54-9A1E7A4F7556}") = "Your.Melody.Library", "Your.Melody.Library\Your.Melody.Library.csproj", "{E25E6EC0-B87D-4D06-BEBC-6E3BBB00A5F2}"
EndProject
Project("{2150E333-8FDC-42A3-9474-1A3956D46DE8}") = "Solution Items", "Solution Items", "{075D4FE1-ECBB-4C0F-8011-86C244655285}"
	ProjectSection(SolutionItems) = preProject
		Swagger.json = Swagger.json
	EndProjectSection
EndProject
Project("{9A19103F-16F7-4668-BE54-9A1E7A4F7556}") = "Your.Melody.UTests", "Your.Melody.UTests\Your.Melody.UTests.csproj", "{ADCF3191-CCF0-4092-96DB-F6AA361ED2D2}"
EndProject
Project("{00D1A9C2-B5F0-4AF3-8072-F6C62B433612}") = "Your.Melody.Database", "Your.Melody.Database\Your.Melody.Database.sqlproj", "{68DAC76D-A435-41F6-B660-9A14D6455EAD}"
EndProject
Project("{E53339B2-1760-4266-BCC7-CA923CBCF16C}") = "docker-compose", "docker-compose.dcproj", "{7CC1A21D-8594-449A-B0C5-238D4CF62314}"
EndProject
Global
	GlobalSection(SolutionConfigurationPlatforms) = preSolution
		Debug|Any CPU = Debug|Any CPU
		Release|Any CPU = Release|Any CPU
	EndGlobalSection
	GlobalSection(ProjectConfigurationPlatforms) = postSolution
		{F9E5AE8C-AAC2-48C8-9491-D57AC0D47CB2}.Debug|Any CPU.ActiveCfg = Debug|Any CPU
		{F9E5AE8C-AAC2-48C8-9491-D57AC0D47CB2}.Debug|Any CPU.Build.0 = Debug|Any CPU
		{F9E5AE8C-AAC2-48C8-9491-D57AC0D47CB2}.Release|Any CPU.ActiveCfg = Release|Any CPU
		{F9E5AE8C-AAC2-48C8-9491-D57AC0D47CB2}.Release|Any CPU.Build.0 = Release|Any CPU
		{E25E6EC0-B87D-4D06-BEBC-6E3BBB00A5F2}.Debug|Any CPU.ActiveCfg = Debug|Any CPU
		{E25E6EC0-B87D-4D06-BEBC-6E3BBB00A5F2}.Debug|Any CPU.Build.0 = Debug|Any CPU
		{E25E6EC0-B87D-4D06-BEBC-6E3BBB00A5F2}.Release|Any CPU.ActiveCfg = Release|Any CPU
		{E25E6EC0-B87D-4D06-BEBC-6E3BBB00A5F2}.Release|Any CPU.Build.0 = Release|Any CPU
		{ADCF3191-CCF0-4092-96DB-F6AA361ED2D2}.Debug|Any CPU.ActiveCfg = Debug|Any CPU
		{ADCF3191-CCF0-4092-96DB-F6AA361ED2D2}.Debug|Any CPU.Build.0 = Debug|Any CPU
		{ADCF3191-CCF0-4092-96DB-F6AA361ED2D2}.Release|Any CPU.ActiveCfg = Release|Any CPU
		{ADCF3191-CCF0-4092-96DB-F6AA361ED2D2}.Release|Any CPU.Build.0 = Release|Any CPU
		{68DAC76D-A435-41F6-B660-9A14D6455EAD}.Debug|Any CPU.ActiveCfg = Debug|Any CPU
		{68DAC76D-A435-41F6-B660-9A14D6455EAD}.Debug|Any CPU.Build.0 = Debug|Any CPU
		{68DAC76D-A435-41F6-B660-9A14D6455EAD}.Debug|Any CPU.Deploy.0 = Debug|Any CPU
		{68DAC76D-A435-41F6-B660-9A14D6455EAD}.Release|Any CPU.ActiveCfg = Release|Any CPU
		{68DAC76D-A435-41F6-B660-9A14D6455EAD}.Release|Any CPU.Build.0 = Release|Any CPU
		{68DAC76D-A435-41F6-B660-9A14D6455EAD}.Release|Any CPU.Deploy.0 = Release|Any CPU
		{7CC1A21D-8594-449A-B0C5-238D4CF62314}.Debug|Any CPU.ActiveCfg = Debug|Any CPU
		{7CC1A21D-8594-449A-B0C5-238D4CF62314}.Debug|Any CPU.Build.0 = Debug|Any CPU
		{7CC1A21D-8594-449A-B0C5-238D4CF62314}.Release|Any CPU.ActiveCfg = Release|Any CPU
		{7CC1A21D-8594-449A-B0C5-238D4CF62314}.Release|Any CPU.Build.0 = Release|Any CPU
	EndGlobalSection
	GlobalSection(SolutionProperties) = preSolution
		HideSolutionNode = FALSE
	EndGlobalSection
	GlobalSection(ExtensibilityGlobals) = postSolution
		SolutionGuid = {AF6B3E03-D67C-4339-837D-6362F369C1FE}
	EndGlobalSection
EndGlobal
